{
  "version": 4,
  "terraform_version": "1.5.3",
  "serial": 16,
  "lineage": "031e4468-3d43-1495-6197-610e60099eb4",
  "outputs": {},
  "resources": [
    {
      "mode": "data",
      "type": "azuread_client_config",
      "name": "current",
      "provider": "provider[\"registry.terraform.io/hashicorp/azuread\"]",
      "instances": [
        {
          "schema_version": 0,
          "attributes": {
            "client_id": "f89555ef-988a-4456-a2fc-af8a6e63d1e5",
            "id": "40f32e4e-08ac-49c5-b2fc-a71c2a4c2fbe-f89555ef-988a-4456-a2fc-af8a6e63d1e5-843b5e08-98a0-4a4e-99cb-1d319118f65e",
            "object_id": "843b5e08-98a0-4a4e-99cb-1d319118f65e",
            "tenant_id": "40f32e4e-08ac-49c5-b2fc-a71c2a4c2fbe",
            "timeouts": null
          },
          "sensitive_attributes": []
        }
      ]
    },
    {
      "mode": "managed",
      "type": "azurerm_route_table",
      "name": "public_route_table",
      "provider": "provider[\"registry.terraform.io/hashicorp/azurerm\"]",
      "instances": [
        {
          "schema_version": 0,
          "attributes": {
            "disable_bgp_route_propagation": false,
            "id": "/subscriptions/d0d1af53-8036-4e3e-b9e0-38a4df973cbb/resourceGroups/onboarding-rg/providers/Microsoft.Network/routeTables/public-rt",
            "location": "eastus",
            "name": "public-rt",
            "resource_group_name": "onboarding-rg",
            "route": [
              {
                "address_prefix": "0.0.0.0/0",
                "name": "default",
                "next_hop_in_ip_address": "",
                "next_hop_type": "Internet"
              }
            ],
            "subnets": [
              "/subscriptions/d0d1af53-8036-4e3e-b9e0-38a4df973cbb/resourceGroups/onboarding-rg/providers/Microsoft.Network/virtualNetworks/poc-vnet/subnets/public-subnet-1",
              "/subscriptions/d0d1af53-8036-4e3e-b9e0-38a4df973cbb/resourceGroups/onboarding-rg/providers/Microsoft.Network/virtualNetworks/poc-vnet/subnets/public-subnet-2"
            ],
            "tags": {},
            "timeouts": null
          },
          "sensitive_attributes": [],
          "private": "eyJlMmJmYjczMC1lY2FhLTExZTYtOGY4OC0zNDM2M2JjN2M0YzAiOnsiY3JlYXRlIjoxODAwMDAwMDAwMDAwLCJkZWxldGUiOjE4MDAwMDAwMDAwMDAsInJlYWQiOjMwMDAwMDAwMDAwMCwidXBkYXRlIjoxODAwMDAwMDAwMDAwfX0="
        }
      ]
    },
    {
      "mode": "managed",
      "type": "azurerm_subnet",
      "name": "private_subnet_1",
      "provider": "provider[\"registry.terraform.io/hashicorp/azurerm\"]",
      "instances": [
        {
          "schema_version": 0,
          "attributes": {
            "address_prefixes": [
              "10.0.3.0/24"
            ],
            "delegation": [],
            "enforce_private_link_endpoint_network_policies": false,
            "enforce_private_link_service_network_policies": false,
            "id": "/subscriptions/d0d1af53-8036-4e3e-b9e0-38a4df973cbb/resourceGroups/onboarding-rg/providers/Microsoft.Network/virtualNetworks/poc-vnet/subnets/private-subnet-2",
            "name": "private-subnet-2",
            "resource_group_name": "onboarding-rg",
            "service_endpoint_policy_ids": [],
            "service_endpoints": [],
            "timeouts": null,
            "virtual_network_name": "poc-vnet"
          },
          "sensitive_attributes": [],
          "private": "eyJlMmJmYjczMC1lY2FhLTExZTYtOGY4OC0zNDM2M2JjN2M0YzAiOnsiY3JlYXRlIjoxODAwMDAwMDAwMDAwLCJkZWxldGUiOjE4MDAwMDAwMDAwMDAsInJlYWQiOjMwMDAwMDAwMDAwMCwidXBkYXRlIjoxODAwMDAwMDAwMDAwfX0=",
          "dependencies": [
            "azurerm_virtual_network.poc_vnet"
          ]
        }
      ]
    },
    {
      "mode": "managed",
      "type": "azurerm_subnet",
      "name": "private_subnet_2",
      "provider": "provider[\"registry.terraform.io/hashicorp/azurerm\"]",
      "instances": [
        {
          "schema_version": 0,
          "attributes": {
            "address_prefixes": [
              "10.0.4.0/24"
            ],
            "delegation": [],
            "enforce_private_link_endpoint_network_policies": false,
            "enforce_private_link_service_network_policies": false,
            "id": "/subscriptions/d0d1af53-8036-4e3e-b9e0-38a4df973cbb/resourceGroups/onboarding-rg/providers/Microsoft.Network/virtualNetworks/poc-vnet/subnets/private-subnet-2",
            "name": "private-subnet-2",
            "resource_group_name": "onboarding-rg",
            "service_endpoint_policy_ids": [],
            "service_endpoints": [],
            "timeouts": null,
            "virtual_network_name": "poc-vnet"
          },
          "sensitive_attributes": [],
          "private": "eyJlMmJmYjczMC1lY2FhLTExZTYtOGY4OC0zNDM2M2JjN2M0YzAiOnsiY3JlYXRlIjoxODAwMDAwMDAwMDAwLCJkZWxldGUiOjE4MDAwMDAwMDAwMDAsInJlYWQiOjMwMDAwMDAwMDAwMCwidXBkYXRlIjoxODAwMDAwMDAwMDAwfX0=",
          "dependencies": [
            "azurerm_virtual_network.poc_vnet"
          ]
        }
      ]
    },
    {
      "mode": "managed",
      "type": "azurerm_subnet",
      "name": "public_subnet_1",
      "provider": "provider[\"registry.terraform.io/hashicorp/azurerm\"]",
      "instances": [
        {
          "schema_version": 0,
          "attributes": {
            "address_prefixes": [
              "10.0.1.0/24"
            ],
            "delegation": [],
            "enforce_private_link_endpoint_network_policies": false,
            "enforce_private_link_service_network_policies": false,
            "id": "/subscriptions/d0d1af53-8036-4e3e-b9e0-38a4df973cbb/resourceGroups/onboarding-rg/providers/Microsoft.Network/virtualNetworks/poc-vnet/subnets/public-subnet-1",
            "name": "public-subnet-1",
            "resource_group_name": "onboarding-rg",
            "service_endpoint_policy_ids": [],
            "service_endpoints": [],
            "timeouts": null,
            "virtual_network_name": "poc-vnet"
          },
          "sensitive_attributes": [],
          "private": "eyJlMmJmYjczMC1lY2FhLTExZTYtOGY4OC0zNDM2M2JjN2M0YzAiOnsiY3JlYXRlIjoxODAwMDAwMDAwMDAwLCJkZWxldGUiOjE4MDAwMDAwMDAwMDAsInJlYWQiOjMwMDAwMDAwMDAwMCwidXBkYXRlIjoxODAwMDAwMDAwMDAwfX0=",
          "dependencies": [
            "azurerm_virtual_network.poc_vnet"
          ]
        }
      ]
    },
    {
      "mode": "managed",
      "type": "azurerm_subnet",
      "name": "public_subnet_2",
      "provider": "provider[\"registry.terraform.io/hashicorp/azurerm\"]",
      "instances": [
        {
          "schema_version": 0,
          "attributes": {
            "address_prefixes": [
              "10.0.2.0/24"
            ],
            "delegation": [],
            "enforce_private_link_endpoint_network_policies": false,
            "enforce_private_link_service_network_policies": false,
            "id": "/subscriptions/d0d1af53-8036-4e3e-b9e0-38a4df973cbb/resourceGroups/onboarding-rg/providers/Microsoft.Network/virtualNetworks/poc-vnet/subnets/public-subnet-2",
            "name": "public-subnet-2",
            "resource_group_name": "onboarding-rg",
            "service_endpoint_policy_ids": [],
            "service_endpoints": [],
            "timeouts": null,
            "virtual_network_name": "poc-vnet"
          },
          "sensitive_attributes": [],
          "private": "eyJlMmJmYjczMC1lY2FhLTExZTYtOGY4OC0zNDM2M2JjN2M0YzAiOnsiY3JlYXRlIjoxODAwMDAwMDAwMDAwLCJkZWxldGUiOjE4MDAwMDAwMDAwMDAsInJlYWQiOjMwMDAwMDAwMDAwMCwidXBkYXRlIjoxODAwMDAwMDAwMDAwfX0=",
          "dependencies": [
            "azurerm_virtual_network.poc_vnet"
          ]
        }
      ]
    },
    {
      "mode": "managed",
      "type": "azurerm_subnet_route_table_association",
      "name": "public_subnet_association_1",
      "provider": "provider[\"registry.terraform.io/hashicorp/azurerm\"]",
      "instances": [
        {
          "schema_version": 0,
          "attributes": {
            "id": "/subscriptions/d0d1af53-8036-4e3e-b9e0-38a4df973cbb/resourceGroups/onboarding-rg/providers/Microsoft.Network/virtualNetworks/poc-vnet/subnets/public-subnet-1",
            "route_table_id": "/subscriptions/d0d1af53-8036-4e3e-b9e0-38a4df973cbb/resourceGroups/onboarding-rg/providers/Microsoft.Network/routeTables/public-rt",
            "subnet_id": "/subscriptions/d0d1af53-8036-4e3e-b9e0-38a4df973cbb/resourceGroups/onboarding-rg/providers/Microsoft.Network/virtualNetworks/poc-vnet/subnets/public-subnet-1",
            "timeouts": null
          },
          "sensitive_attributes": [],
          "private": "eyJlMmJmYjczMC1lY2FhLTExZTYtOGY4OC0zNDM2M2JjN2M0YzAiOnsiY3JlYXRlIjoxODAwMDAwMDAwMDAwLCJkZWxldGUiOjE4MDAwMDAwMDAwMDAsInJlYWQiOjMwMDAwMDAwMDAwMCwidXBkYXRlIjoxODAwMDAwMDAwMDAwfX0=",
          "dependencies": [
            "azurerm_route_table.public_route_table",
            "azurerm_subnet.public_subnet_1",
            "azurerm_virtual_network.poc_vnet"
          ]
        }
      ]
    },
    {
      "mode": "managed",
      "type": "azurerm_subnet_route_table_association",
      "name": "public_subnet_association_2",
      "provider": "provider[\"registry.terraform.io/hashicorp/azurerm\"]",
      "instances": [
        {
          "schema_version": 0,
          "attributes": {
            "id": "/subscriptions/d0d1af53-8036-4e3e-b9e0-38a4df973cbb/resourceGroups/onboarding-rg/providers/Microsoft.Network/virtualNetworks/poc-vnet/subnets/public-subnet-2",
            "route_table_id": "/subscriptions/d0d1af53-8036-4e3e-b9e0-38a4df973cbb/resourceGroups/onboarding-rg/providers/Microsoft.Network/routeTables/public-rt",
            "subnet_id": "/subscriptions/d0d1af53-8036-4e3e-b9e0-38a4df973cbb/resourceGroups/onboarding-rg/providers/Microsoft.Network/virtualNetworks/poc-vnet/subnets/public-subnet-2",
            "timeouts": null
          },
          "sensitive_attributes": [],
          "private": "eyJlMmJmYjczMC1lY2FhLTExZTYtOGY4OC0zNDM2M2JjN2M0YzAiOnsiY3JlYXRlIjoxODAwMDAwMDAwMDAwLCJkZWxldGUiOjE4MDAwMDAwMDAwMDAsInJlYWQiOjMwMDAwMDAwMDAwMCwidXBkYXRlIjoxODAwMDAwMDAwMDAwfX0=",
          "dependencies": [
            "azurerm_route_table.public_route_table",
            "azurerm_subnet.public_subnet_2",
            "azurerm_virtual_network.poc_vnet"
          ]
        }
      ]
    },
    {
      "mode": "managed",
      "type": "azurerm_virtual_network",
      "name": "poc_vnet",
      "provider": "provider[\"registry.terraform.io/hashicorp/azurerm\"]",
      "instances": [
        {
          "schema_version": 0,
          "attributes": {
            "address_space": [
              "10.0.0.0/16"
            ],
            "bgp_community": "",
            "ddos_protection_plan": [],
            "dns_servers": [],
            "edge_zone": "",
            "flow_timeout_in_minutes": 0,
            "guid": "a0ccf29b-c3fc-450c-bcc4-b55414600a10",
            "id": "/subscriptions/d0d1af53-8036-4e3e-b9e0-38a4df973cbb/resourceGroups/onboarding-rg/providers/Microsoft.Network/virtualNetworks/poc-vnet",
            "location": "eastus",
            "name": "poc-vnet",
            "resource_group_name": "onboarding-rg",
            "subnet": [
              {
                "address_prefix": "10.0.1.0/24",
                "id": "/subscriptions/d0d1af53-8036-4e3e-b9e0-38a4df973cbb/resourceGroups/onboarding-rg/providers/Microsoft.Network/virtualNetworks/poc-vnet/subnets/public-subnet-1",
                "name": "public-subnet-1",
                "security_group": ""
              },
              {
                "address_prefix": "10.0.2.0/24",
                "id": "/subscriptions/d0d1af53-8036-4e3e-b9e0-38a4df973cbb/resourceGroups/onboarding-rg/providers/Microsoft.Network/virtualNetworks/poc-vnet/subnets/public-subnet-2",
                "name": "public-subnet-2",
                "security_group": ""
              },
              {
                "address_prefix": "10.0.4.0/24",
                "id": "/subscriptions/d0d1af53-8036-4e3e-b9e0-38a4df973cbb/resourceGroups/onboarding-rg/providers/Microsoft.Network/virtualNetworks/poc-vnet/subnets/private-subnet-2",
                "name": "private-subnet-2",
                "security_group": ""
              }
            ],
            "tags": {},
            "timeouts": null
          },
          "sensitive_attributes": [],
          "private": "eyJlMmJmYjczMC1lY2FhLTExZTYtOGY4OC0zNDM2M2JjN2M0YzAiOnsiY3JlYXRlIjoxODAwMDAwMDAwMDAwLCJkZWxldGUiOjE4MDAwMDAwMDAwMDAsInJlYWQiOjMwMDAwMDAwMDAwMCwidXBkYXRlIjoxODAwMDAwMDAwMDAwfX0="
        }
      ]
    }
  ],
  "check_results": null
}
